
Microsoft Visual Studio Solution File, Format Version 12.00
# Visual Studio Version 17
VisualStudioVersion = 17.7.34031.279
MinimumVisualStudioVersion = 10.0.40219.1
Project("{FAE04EC0-301F-11D3-BF4B-00C04F79EFBC}") = "pr11_2", "pr11_2\pr11_2.csproj", "{9882A340-9B5B-40DA-B0BE-F73556090B61}"
EndProject
Project("{FAE04EC0-301F-11D3-BF4B-00C04F79EFBC}") = "ConsoleApp1", "ConsoleApp1\ConsoleApp1.csproj", "{3DF7DE39-DA00-43AF-8A2A-43C2FD701D30}"
EndProject
Project("{FAE04EC0-301F-11D3-BF4B-00C04F79EFBC}") = "ConsoleApp2", "ConsoleApp2\ConsoleApp2.csproj", "{64CCADA1-5BB7-435D-AA75-8948D47897F0}"
EndProject
Global
	GlobalSection(SolutionConfigurationPlatforms) = preSolution
		Debug|Any CPU = Debug|Any CPU
		Release|Any CPU = Release|Any CPU
	EndGlobalSection
	GlobalSection(ProjectConfigurationPlatforms) = postSolution
		{9882A340-9B5B-40DA-B0BE-F73556090B61}.Debug|Any CPU.ActiveCfg = Debug|Any CPU
		{9882A340-9B5B-40DA-B0BE-F73556090B61}.Debug|Any CPU.Build.0 = Debug|Any CPU
		{9882A340-9B5B-40DA-B0BE-F73556090B61}.Release|Any CPU.ActiveCfg = Release|Any CPU
		{9882A340-9B5B-40DA-B0BE-F73556090B61}.Release|Any CPU.Build.0 = Release|Any CPU
		{3DF7DE39-DA00-43AF-8A2A-43C2FD701D30}.Debug|Any CPU.ActiveCfg = Debug|Any CPU
		{3DF7DE39-DA00-43AF-8A2A-43C2FD701D30}.Debug|Any CPU.Build.0 = Debug|Any CPU
		{3DF7DE39-DA00-43AF-8A2A-43C2FD701D30}.Release|Any CPU.ActiveCfg = Release|Any CPU
		{3DF7DE39-DA00-43AF-8A2A-43C2FD701D30}.Release|Any CPU.Build.0 = Release|Any CPU
		{64CCADA1-5BB7-435D-AA75-8948D47897F0}.Debug|Any CPU.ActiveCfg = Debug|Any CPU
		{64CCADA1-5BB7-435D-AA75-8948D47897F0}.Debug|Any CPU.Build.0 = Debug|Any CPU
		{64CCADA1-5BB7-435D-AA75-8948D47897F0}.Release|Any CPU.ActiveCfg = Release|Any CPU
		{64CCADA1-5BB7-435D-AA75-8948D47897F0}.Release|Any CPU.Build.0 = Release|Any CPU
	EndGlobalSection
	GlobalSection(SolutionProperties) = preSolution
		HideSolutionNode = FALSE
	EndGlobalSection
	GlobalSection(ExtensibilityGlobals) = postSolution
		SolutionGuid = {178482A5-3C21-4D2C-9E83-C76826FA56DC}
	EndGlobalSection
EndGlobal
